PODS:
  - AFNetworking (2.6.3):
    - AFNetworking/NSURLConnection (= 2.6.3)
    - AFNetworking/NSURLSession (= 2.6.3)
    - AFNetworking/Reachability (= 2.6.3)
    - AFNetworking/Security (= 2.6.3)
    - AFNetworking/Serialization (= 2.6.3)
    - AFNetworking/UIKit (= 2.6.3)
  - AFNetworking/NSURLConnection (2.6.3):
    - AFNetworking/Reachability
    - AFNetworking/Security
    - AFNetworking/Serialization
  - AFNetworking/NSURLSession (2.6.3):
    - AFNetworking/Reachability
    - AFNetworking/Security
    - AFNetworking/Serialization
  - AFNetworking/Reachability (2.6.3)
  - AFNetworking/Security (2.6.3)
  - AFNetworking/Serialization (2.6.3)
  - AFNetworking/UIKit (2.6.3):
    - AFNetworking/NSURLConnection
    - AFNetworking/NSURLSession
  - MBProgressHUD (0.9.2)
  - MJExtension (3.0.10)
  - SDWebImage (3.7.5):
    - SDWebImage/Core (= 3.7.5)
  - SDWebImage/Core (3.7.5)
  - TKRoundedView (0.5)
  - UITextView+Placeholder (1.1.1)

DEPENDENCIES:
  - AFNetworking (~> 2.6.3)
  - MBProgressHUD (~> 0.9.1)
  - MJExtension
  - SDWebImage
  - TKRoundedView (~> 0.5)
  - UITextView+Placeholder

SPEC CHECKSUMS:
  AFNetworking: cb8d14a848e831097108418f5d49217339d4eb60
  MBProgressHUD: 1569cf7ace17a8bac47aabfbb8580a49690386d1
  MJExtension: d86aacb740c87519d20e3cca55b6fa4be6cc7548
  SDWebImage: 69c6303e3348fba97e03f65d65d4fbc26740f461
  TKRoundedView: 0886ec88ad9d8f9c1de7503babecfacc06263920
  UITextView+Placeholder: a6fc3e0378f3870036ec562a7537cbf6dbae4bf6

COCOAPODS: 0.39.0
